%{
  "glob_ex": {:hex, :glob_ex, "0.1.1", "dc652ac17aeab97392da3beb73ff24f4e4de061b717ca7e75818e869e5acd104", [:mix], [], "hexpm", "d27bc551f9fd92b96c7bad687aba1a7cd5eeaaec7170c55add227f395f89e3af"},
  "mneme": {:git, "https://github.com/mindreframer/mneme.git", "4c17f0360f2b6dea497a2878d252dfbae7347749", []},
  "nimble_options": {:hex, :nimble_options, "0.5.2", "42703307b924880f8c08d97719da7472673391905f528259915782bb346e0a1b", [:mix], [], "hexpm", "4da7f904b915fd71db549bcdc25f8d56f378ef7ae07dc1d372cbe72ba950dce0"},
  "owl": {:hex, :owl, "0.6.1", "ca23ea35b944889d876d22dd2c31a94d367ede7565c110fc2283521932a23507", [:mix], [], "hexpm", "2d07fca81c22e8ccbc84942cc69d7292b8c2bf5431ec7b6256e4af0722811b0d"},
  "rewrite": {:hex, :rewrite, "0.6.0", "17aa36819dd62d9859fe5c73aff6c0b23af26100cbeef8348729219a41321ab6", [:mix], [{:glob_ex, "~> 0.1", [hex: :glob_ex, repo: "hexpm", optional: false]}, {:sourceror, "~> 0.12", [hex: :sourceror, repo: "hexpm", optional: false]}], "hexpm", "671d0c21426b1d2ea0c0a3cc7a15c569029abda5dc6c62cc228a2c0682a8c041"},
  "sourceror": {:hex, :sourceror, "0.12.1", "239a98ae2ed191528d64e079eaa355f6f1f69318dbb51796e08497dd3b24d10e", [:mix], [], "hexpm", "b5e310385813d0c791e8a481516654a4e10b7a0fdb55b4fc4ef915fbc0899b8f"},
  "test_iex": {:git, "https://github.com/mindreframer/test_iex.git", "e51a75de7b66da2517bd4b25bc2ef5660038d464", []},
}
